github.com/albenik/go-serial/v2 v2.6.1 h1:AhVjPVegSa/loFUmaIPNdhbeL/+6b+pCNgeCJ9CT7W8=
github.com/albenik/go-serial/v2 v2.6.1/go.mod h1:sqQA6eeZHKUB6rAgrBsP/8d3Go5Md5cjCof1WcyaK0o=
github.com/creack/goselect v0.1.3 h1:MaGNMclRo7P2Jl21hBpR1Cn33ITSbKP6E49RtfblLKc=
github.com/creack/goselect v0.1.3/go.mod h1:a/NhLweNvqIYMuxcMOuWY516Cimucms3DglDzQP3hKY=
go.uber.org/atomic v1.11.0 h1:ZvwS0R+56ePWxUNi+Atn9dWONBPp/AUETXlHW0DxSjE=
go.uber.org/atomic v1.11.0/go.mod h1:LUxbIzbOniOlMKjJjyPfpl4v+PKK2cNJn91OQbhoJI0=
go.uber.org/multierr v1.11.0 h1:blXXJkSxSSfBVBlC76pxqeO+LN3aDfLQo+309xJstO0=
go.uber.org/multierr v1.11.0/go.mod h1:20+QtiLqy0Nd6FdQB9TLXag12DsQkrbs3htMFfDN80Y=
golang.org/x/sys v0.33.0 h1:q3i8TbbEz+JRD9ywIRlyRAQbM0qF7hu24q3teo2hbuw=
golang.org/x/sys v0.33.0/go.mod h1:BJP2sWEmIv4KK5OTEluFJCKSidICx8ciO85XgH3Ak8k=
